
Microsoft Visual Studio Solution File, Format Version 12.00
# Visual Studio Version 17
VisualStudioVersion = 17.4.33110.190
MinimumVisualStudioVersion = 10.0.40219.1
Project("{9A19103F-16F7-4668-BE54-9A1E7A4F7556}") = "IdentityAPI", "IdentityAPI\IdentityAPI.csproj", "{B2FC94DF-6D05-4A4A-B380-1C9B32568197}"
EndProject
Project("{9A19103F-16F7-4668-BE54-9A1E7A4F7556}") = "Middleware", "Middleware\Middleware.csproj", "{D288960D-B47D-4192-913B-DFF1CE59E1A2}"
EndProject
Project("{9A19103F-16F7-4668-BE54-9A1E7A4F7556}") = "WebApp", "WebApp\WebApp.csproj", "{E27A1CC1-E18F-4374-91AB-E9EB28CF9B5C}"
EndProject
Project("{FAE04EC0-301F-11D3-BF4B-00C04F79EFBC}") = "MoviesAPI", "MoviesAPI\MoviesAPI.csproj", "{7E58D31F-2333-4C36-982F-EA8EB9142ED4}"
EndProject
Global
	GlobalSection(SolutionConfigurationPlatforms) = preSolution
		Debug|Any CPU = Debug|Any CPU
		Release|Any CPU = Release|Any CPU
	EndGlobalSection
	GlobalSection(ProjectConfigurationPlatforms) = postSolution
		{B2FC94DF-6D05-4A4A-B380-1C9B32568197}.Debug|Any CPU.ActiveCfg = Debug|Any CPU
		{B2FC94DF-6D05-4A4A-B380-1C9B32568197}.Debug|Any CPU.Build.0 = Debug|Any CPU
		{B2FC94DF-6D05-4A4A-B380-1C9B32568197}.Release|Any CPU.ActiveCfg = Release|Any CPU
		{B2FC94DF-6D05-4A4A-B380-1C9B32568197}.Release|Any CPU.Build.0 = Release|Any CPU
		{D288960D-B47D-4192-913B-DFF1CE59E1A2}.Debug|Any CPU.ActiveCfg = Debug|Any CPU
		{D288960D-B47D-4192-913B-DFF1CE59E1A2}.Debug|Any CPU.Build.0 = Debug|Any CPU
		{D288960D-B47D-4192-913B-DFF1CE59E1A2}.Release|Any CPU.ActiveCfg = Release|Any CPU
		{D288960D-B47D-4192-913B-DFF1CE59E1A2}.Release|Any CPU.Build.0 = Release|Any CPU
		{E27A1CC1-E18F-4374-91AB-E9EB28CF9B5C}.Debug|Any CPU.ActiveCfg = Debug|Any CPU
		{E27A1CC1-E18F-4374-91AB-E9EB28CF9B5C}.Debug|Any CPU.Build.0 = Debug|Any CPU
		{E27A1CC1-E18F-4374-91AB-E9EB28CF9B5C}.Release|Any CPU.ActiveCfg = Release|Any CPU
		{E27A1CC1-E18F-4374-91AB-E9EB28CF9B5C}.Release|Any CPU.Build.0 = Release|Any CPU
		{7E58D31F-2333-4C36-982F-EA8EB9142ED4}.Debug|Any CPU.ActiveCfg = Debug|Any CPU
		{7E58D31F-2333-4C36-982F-EA8EB9142ED4}.Debug|Any CPU.Build.0 = Debug|Any CPU
		{7E58D31F-2333-4C36-982F-EA8EB9142ED4}.Release|Any CPU.ActiveCfg = Release|Any CPU
		{7E58D31F-2333-4C36-982F-EA8EB9142ED4}.Release|Any CPU.Build.0 = Release|Any CPU
	EndGlobalSection
	GlobalSection(SolutionProperties) = preSolution
		HideSolutionNode = FALSE
	EndGlobalSection
	GlobalSection(ExtensibilityGlobals) = postSolution
		SolutionGuid = {FFFF5463-95B8-4D6E-87B1-4966CC01E555}
	EndGlobalSection
EndGlobal
